{
  "originHash" : "133511138c8f8818814d0d4e6b7481e25c264efe64da3504bf8b4c5e9a3b77d9",
  "pins" : [
    {
      "identity" : "swifter",
      "kind" : "remoteSourceControl",
      "location" : "https://github.com/httpswift/swifter.git",
      "state" : {
        "revision" : "9483a5d459b45c3ffd059f7b55f9638e268632fd",
        "version" : "1.5.0"
      }
    }
  ],
  "version" : 3
}
